// !$*UTF8*$!
{
	archiveVersion = 1;
	classes = {
	};
	objectVersion = 48;
	objects = {

/* Begin PBXBuildFile section */
		4B6C16B66D042502C8370E28 /* Pods_SecondApplication.framework in Frameworks */ = {isa = PBXBuildFile; fileRef = 184A932F5BE94798E7D9CD84 /* Pods_SecondApplication.framework */; };
		7A354A03206C231F00F1E354 /* AppDelegate.swift in Sources */ = {isa = PBXBuildFile; fileRef = 7A354A02206C231F00F1E354 /* AppDelegate.swift */; };
		7A354A05206C231F00F1E354 /* ViewController.swift in Sources */ = {isa = PBXBuildFile; fileRef = 7A354A04206C231F00F1E354 /* ViewController.swift */; };
		7A354A08206C231F00F1E354 /* Main.storyboard in Resources */ = {isa = PBXBuildFile; fileRef = 7A354A06206C231F00F1E354 /* Main.storyboard */; };
		7A354A0A206C231F00F1E354 /* Assets.xcassets in Resources */ = {isa = PBXBuildFile; fileRef = 7A354A09206C231F00F1E354 /* Assets.xcassets */; };
		7A354A0D206C231F00F1E354 /* LaunchScreen.storyboard in Resources */ = {isa = PBXBuildFile; fileRef = 7A354A0B206C231F00F1E354 /* LaunchScreen.storyboard */; };
/* End PBXBuildFile section */

/* Begin PBXFileReference section */
		184A932F5BE94798E7D9CD84 /* Pods_SecondApplication.framework */ = {isa = PBXFileReference; explicitFileType = wrapper.framework; includeInIndex = 0; path = Pods_SecondApplication.framework; sourceTree = BUILT_PRODUCTS_DIR; };
		7A3549FF206C231F00F1E354 /* SecondApplication.app */ = {isa = PBXFileReference; explicitFileType = wrapper.application; includeInIndex = 0; path = SecondApplication.app; sourceTree = BUILT_PRODUCTS_DIR; };
		7A354A02206C231F00F1E354 /* AppDelegate.swift */ = {isa = PBXFileReference; lastKnownFileType = sourcecode.swift; path = AppDelegate.swift; sourceTree = "<group>"; };
		7A354A04206C231F00F1E354 /* ViewController.swift */ = {isa = PBXFileReference; lastKnownFileType = sourcecode.swift; path = ViewController.swift; sourceTree = "<group>"; };
		7A354A07206C231F00F1E354 /* Base */ = {isa = PBXFileReference; lastKnownFileType = file.storyboard; name = Base; path = Base.lproj/Main.storyboard; sourceTree = "<group>"; };
		7A354A09206C231F00F1E354 /* Assets.xcassets */ = {isa = PBXFileReference; lastKnownFileType = folder.assetcatalog; path = Assets.xcassets; sourceTree = "<group>"; };
		7A354A0C206C231F00F1E354 /* Base */ = {isa = PBXFileReference; lastKnownFileType = file.storyboard; name = Base; path = Base.lproj/LaunchScreen.storyboard; sourceTree = "<group>"; };
		7A354A0E206C231F00F1E354 /* Info.plist */ = {isa = PBXFileReference; lastKnownFileType = text.plist.xml; path = Info.plist; sourceTree = "<group>"; };
		96F1B8009DB92922093E962F /* Pods-SecondApplication.debug.xcconfig */ = {isa = PBXFileReference; includeInIndex = 1; lastKnownFileType = text.xcconfig; name = "Pods-SecondApplication.debug.xcconfig"; path = "Pods/Target Support Files/Pods-SecondApplication/Pods-SecondApplication.debug.xcconfig"; sourceTree = "<group>"; };
		E39C1B84BE06D2D02925C3A8 /* Pods-SecondApplication.release.xcconfig */ = {isa = PBXFileReference; includeInIndex = 1; lastKnownFileType = text.xcconfig; name = "Pods-SecondApplication.release.xcconfig"; path = "Pods/Target Support Files/Pods-SecondApplication/Pods-SecondApplication.release.xcconfig"; sourceTree = "<group>"; };
/* End PBXFileReference section */

/* Begin PBXFrameworksBuildPhase section */
		7A3549FC206C231F00F1E354 /* Frameworks */ = {
			isa = PBXFrameworksBuildPhase;
			buildActionMask = 2147483647;
			files = (
				4B6C16B66D042502C8370E28 /* Pods_SecondApplication.framework in Frameworks */,
			);
			runOnlyForDeploymentPostprocessing = 0;
		};
/* End PBXFrameworksBuildPhase section */

/* Begin PBXGroup section */
		034613023514DF88016F34CD /* Pods */ = {
			isa = PBXGroup;
			children = (
				96F1B8009DB92922093E962F /* Pods-SecondApplication.debug.xcconfig */,
				E39C1B84BE06D2D02925C3A8 /* Pods-SecondApplication.release.xcconfig */,
			);
			name = Pods;
			sourceTree = "<group>";
		};
		7A3549F6206C231F00F1E354 = {
			isa = PBXGroup;
			children = (
				7A354A01206C231F00F1E354 /* SecondApplication */,
				7A354A00206C231F00F1E354 /* Products */,
				034613023514DF88016F34CD /* Pods */,
				E135B0CD5102E423B5782243 /* Frameworks */,
			);
			sourceTree = "<group>";
		};
		7A354A00206C231F00F1E354 /* Products */ = {
			isa = PBXGroup;
			children = (
				7A3549FF206C231F00F1E354 /* SecondApplication.app */,
			);
			name = Products;
			sourceTree = "<group>";
		};
		7A354A01206C231F00F1E354 /* SecondApplication */ = {
			isa = PBXGroup;
			children = (
				7A354A02206C231F00F1E354 /* AppDelegate.swift */,
				7A354A04206C231F00F1E354 /* ViewController.swift */,
				7A354A06206C231F00F1E354 /* Main.storyboard */,
				7A354A09206C231F00F1E354 /* Assets.xcassets */,
				7A354A0B206C231F00F1E354 /* LaunchScreen.storyboard */,
				7A354A0E206C231F00F1E354 /* Info.plist */,
			);
			path = SecondApplication;
			sourceTree = "<group>";
		};
		E135B0CD5102E423B5782243 /* Frameworks */ = {
			isa = PBXGroup;
			children = (
				184A932F5BE94798E7D9CD84 /* Pods_SecondApplication.framework */,
			);
			name = Frameworks;
			sourceTree = "<group>";
		};
/* End PBXGroup section */

/* Begin PBXNativeTarget section */
		7A3549FE206C231F00F1E354 /* SecondApplication */ = {
			isa = PBXNativeTarget;
			buildConfigurationList = 7A354A11206C231F00F1E354 /* Build configuration list for PBXNativeTarget "SecondApplication" */;
			buildPhases = (
				BBBA9CD2A405115AF3527724 /* [CP] Check Pods Manifest.lock */,
				7A3549FB206C231F00F1E354 /* Sources */,
				7A3549FC206C231F00F1E354 /* Frameworks */,
				7A3549FD206C231F00F1E354 /* Resources */,
				FE4DF8985FE6ACBC655C4673 /* [CP] Embed Pods Frameworks */,
				EF8B16152F0400B17ADD8F8B /* [CP] Copy Pods Resources */,
			);
			buildRules = (
			);
			dependencies = (
			);
			name = SecondApplication;
			productName = SecondApplication;
			productReference = 7A3549FF206C231F00F1E354 /* SecondApplication.app */;
			productType = "com.apple.product-type.application";
		};
/* End PBXNativeTarget section */

/* Begin PBXProject section */
		7A3549F7206C231F00F1E354 /* Project object */ = {
			isa = PBXProject;
			attributes = {
				LastSwiftUpdateCheck = 0920;
				LastUpgradeCheck = 0920;
				ORGANIZATIONNAME = "Acme Corp";
				TargetAttributes = {
					7A3549FE206C231F00F1E354 = {
						CreatedOnToolsVersion = 9.2;
						ProvisioningStyle = Automatic;
					};
				};
			};
			buildConfigurationList = 7A3549FA206C231F00F1E354 /* Build configuration list for PBXProject "SecondApplication" */;
			compatibilityVersion = "Xcode 8.0";
			developmentRegion = en;
			hasScannedForEncodings = 0;
			knownRegions = (
				en,
				Base,
			);
			mainGroup = 7A3549F6206C231F00F1E354;
			productRefGroup = 7A354A00206C231F00F1E354 /* Products */;
			projectDirPath = "";
			projectRoot = "";
			targets = (
				7A3549FE206C231F00F1E354 /* SecondApplication */,
			);
		};
/* End PBXProject section */

/* Begin PBXResourcesBuildPhase section */
		7A3549FD206C231F00F1E354 /* Resources */ = {
			isa = PBXResourcesBuildPhase;
			buildActionMask = 2147483647;
			files = (
				7A354A0D206C231F00F1E354 /* LaunchScreen.storyboard in Resources */,
				7A354A0A206C231F00F1E354 /* Assets.xcassets in Resources */,
				7A354A08206C231F00F1E354 /* Main.storyboard in Resources */,
			);
			runOnlyForDeploymentPostprocessing = 0;
		};
/* End PBXResourcesBuildPhase section */

/* Begin PBXShellScriptBuildPhase section */
		BBBA9CD2A405115AF3527724 /* [CP] Check Pods Manifest.lock */ = {
			isa = PBXShellScriptBuildPhase;
			buildActionMask = 2147483647;
			files = (
			);
			inputPaths = (
				"${PODS_PODFILE_DIR_PATH}/Podfile.lock",
				"${PODS_ROOT}/Manifest.lock",
			);
			name = "[CP] Check Pods Manifest.lock";
			outputPaths = (
				"$(DERIVED_FILE_DIR)/Pods-SecondApplication-checkManifestLockResult.txt",
			);
			runOnlyForDeploymentPostprocessing = 0;
			shellPath = /bin/sh;
			shellScript = "diff \"${PODS_PODFILE_DIR_PATH}/Podfile.lock\" \"${PODS_ROOT}/Manifest.lock\" > /dev/null\nif [ $? != 0 ] ; then\n    # print error to STDERR\n    echo \"error: The sandbox is not in sync with the Podfile.lock. Run 'pod install' or update your CocoaPods installation.\" >&2\n    exit 1\nfi\n# This output is used by Xcode 'outputs' to avoid re-running this script phase.\necho \"SUCCESS\" > \"${SCRIPT_OUTPUT_FILE_0}\"\n";
			showEnvVarsInLog = 0;
		};
		EF8B16152F0400B17ADD8F8B /* [CP] Copy Pods Resources */ = {
			isa = PBXShellScriptBuildPhase;
			buildActionMask = 2147483647;
			files = (
			);
			inputPaths = (
			);
			name = "[CP] Copy Pods Resources";
			outputPaths = (
			);
			runOnlyForDeploymentPostprocessing = 0;
			shellPath = /bin/sh;
			shellScript = "\"${SRCROOT}/Pods/Target Support Files/Pods-SecondApplication/Pods-SecondApplication-resources.sh\"\n";
			showEnvVarsInLog = 0;
		};
		FE4DF8985FE6ACBC655C4673 /* [CP] Embed Pods Frameworks */ = {
			isa = PBXShellScriptBuildPhase;
			buildActionMask = 2147483647;
			files = (
			);
			inputPaths = (
				"${SRCROOT}/Pods/Target Support Files/Pods-SecondApplication/Pods-SecondApplication-frameworks.sh",
				"${BUILT_PRODUCTS_DIR}/Alamofire/Alamofire.framework",
				"${BUILT_PRODUCTS_DIR}/Anchorman/Anchorman.framework",
				"${BUILT_PRODUCTS_DIR}/GenericCells/GenericCells.framework",
				"${BUILT_PRODUCTS_DIR}/TypedNotifications/TypedNotifications.framework",
			);
			name = "[CP] Embed Pods Frameworks";
			outputPaths = (
				"${TARGET_BUILD_DIR}/${FRAMEWORKS_FOLDER_PATH}/Alamofire.framework",
				"${TARGET_BUILD_DIR}/${FRAMEWORKS_FOLDER_PATH}/Anchorman.framework",
				"${TARGET_BUILD_DIR}/${FRAMEWORKS_FOLDER_PATH}/GenericCells.framework",
				"${TARGET_BUILD_DIR}/${FRAMEWORKS_FOLDER_PATH}/TypedNotifications.framework",
			);
			runOnlyForDeploymentPostprocessing = 0;
			shellPath = /bin/sh;
			shellScript = "\"${SRCROOT}/Pods/Target Support Files/Pods-SecondApplication/Pods-SecondApplication-frameworks.sh\"\n";
			showEnvVarsInLog = 0;
		};
/* End PBXShellScriptBuildPhase section */

/* Begin PBXSourcesBuildPhase section */
		7A3549FB206C231F00F1E354 /* Sources */ = {
			isa = PBXSourcesBuildPhase;
			buildActionMask = 2147483647;
			files = (
				7A354A05206C231F00F1E354 /* ViewController.swift in Sources */,
				7A354A03206C231F00F1E354 /* AppDelegate.swift in Sources */,
			);
			runOnlyForDeploymentPostprocessing = 0;
		};
/* End PBXSourcesBuildPhase section */

/* Begin PBXVariantGroup section */
		7A354A06206C231F00F1E354 /* Main.storyboard */ = {
			isa = PBXVariantGroup;
			children = (
				7A354A07206C231F00F1E354 /* Base */,
			);
			name = Main.storyboard;
			sourceTree = "<group>";
		};
		7A354A0B206C231F00F1E354 /* LaunchScreen.storyboard */ = {
			isa = PBXVariantGroup;
			children = (
				7A354A0C206C231F00F1E354 /* Base */,
			);
			name = LaunchScreen.storyboard;
			sourceTree = "<group>";
		};
/* End PBXVariantGroup section */

/* Begin XCBuildConfiguration section */
		7A354A0F206C231F00F1E354 /* Debug */ = {
			isa = XCBuildConfiguration;
			buildSettings = {
				ALWAYS_SEARCH_USER_PATHS = NO;
				CLANG_ANALYZER_NONNULL = YES;
				CLANG_ANALYZER_NUMBER_OBJECT_CONVERSION = YES_AGGRESSIVE;
				CLANG_CXX_LANGUAGE_STANDARD = "gnu++14";
				CLANG_CXX_LIBRARY = "libc++";
				CLANG_ENABLE_MODULES = YES;
				CLANG_ENABLE_OBJC_ARC = YES;
				CLANG_WARN_BLOCK_CAPTURE_AUTORELEASING = YES;
				CLANG_WARN_BOOL_CONVERSION = YES;
				CLANG_WARN_COMMA = YES;
				CLANG_WARN_CONSTANT_CONVERSION = YES;
				CLANG_WARN_DIRECT_OBJC_ISA_USAGE = YES_ERROR;
				CLANG_WARN_DOCUMENTATION_COMMENTS = YES;
				CLANG_WARN_EMPTY_BODY = YES;
				CLANG_WARN_ENUM_CONVERSION = YES;
				CLANG_WARN_INFINITE_RECURSION = YES;
				CLANG_WARN_INT_CONVERSION = YES;
				CLANG_WARN_NON_LITERAL_NULL_CONVERSION = YES;
				CLANG_WARN_OBJC_LITERAL_CONVERSION = YES;
				CLANG_WARN_OBJC_ROOT_CLASS = YES_ERROR;
				CLANG_WARN_RANGE_LOOP_ANALYSIS = YES;
				CLANG_WARN_STRICT_PROTOTYPES = YES;
				CLANG_WARN_SUSPICIOUS_MOVE = YES;
				CLANG_WARN_UNGUARDED_AVAILABILITY = YES_AGGRESSIVE;
				CLANG_WARN_UNREACHABLE_CODE = YES;
				CLANG_WARN__DUPLICATE_METHOD_MATCH = YES;
				CODE_SIGN_IDENTITY = "iPhone Developer";
				COPY_PHASE_STRIP = NO;
				DEBUG_INFORMATION_FORMAT = dwarf;
				ENABLE_STRICT_OBJC_MSGSEND = YES;
				ENABLE_TESTABILITY = YES;
				GCC_C_LANGUAGE_STANDARD = gnu11;
				GCC_DYNAMIC_NO_PIC = NO;
				GCC_NO_COMMON_BLOCKS = YES;
				GCC_OPTIMIZATION_LEVEL = 0;
				GCC_PREPROCESSOR_DEFINITIONS = (
					"DEBUG=1",
					"$(inherited)",
				);
				GCC_WARN_64_TO_32_BIT_CONVERSION = YES;
				GCC_WARN_ABOUT_RETURN_TYPE = YES_ERROR;
				GCC_WARN_UNDECLARED_SELECTOR = YES;
				GCC_WARN_UNINITIALIZED_AUTOS = YES_AGGRESSIVE;
				GCC_WARN_UNUSED_FUNCTION = YES;
				GCC_WARN_UNUSED_VARIABLE = YES;
				IPHONEOS_DEPLOYMENT_TARGET = 11.2;
				MTL_ENABLE_DEBUG_INFO = YES;
				ONLY_ACTIVE_ARCH = YES;
				SDKROOT = iphoneos;
				SWIFT_ACTIVE_COMPILATION_CONDITIONS = DEBUG;
				SWIFT_OPTIMIZATION_LEVEL = "-Onone";
			};
			name = Debug;
		};
		7A354A10206C231F00F1E354 /* Release */ = {
			isa = XCBuildConfiguration;
			buildSettings = {
				ALWAYS_SEARCH_USER_PATHS = NO;
				CLANG_ANALYZER_NONNULL = YES;
				CLANG_ANALYZER_NUMBER_OBJECT_CONVERSION = YES_AGGRESSIVE;
				CLANG_CXX_LANGUAGE_STANDARD = "gnu++14";
				CLANG_CXX_LIBRARY = "libc++";
				CLANG_ENABLE_MODULES = YES;
				CLANG_ENABLE_OBJC_ARC = YES;
				CLANG_WARN_BLOCK_CAPTURE_AUTORELEASING = YES;
				CLANG_WARN_BOOL_CONVERSION = YES;
				CLANG_WARN_COMMA = YES;
				CLANG_WARN_CONSTANT_CONVERSION = YES;
				CLANG_WARN_DIRECT_OBJC_ISA_USAGE = YES_ERROR;
				CLANG_WARN_DOCUMENTATION_COMMENTS = YES;
				CLANG_WARN_EMPTY_BODY = YES;
				CLANG_WARN_ENUM_CONVERSION = YES;
				CLANG_WARN_INFINITE_RECURSION = YES;
				CLANG_WARN_INT_CONVERSION = YES;
				CLANG_WARN_NON_LITERAL_NULL_CONVERSION = YES;
				CLANG_WARN_OBJC_LITERAL_CONVERSION = YES;
				CLANG_WARN_OBJC_ROOT_CLASS = YES_ERROR;
				CLANG_WARN_RANGE_LOOP_ANALYSIS = YES;
				CLANG_WARN_STRICT_PROTOTYPES = YES;
				CLANG_WARN_SUSPICIOUS_MOVE = YES;
				CLANG_WARN_UNGUARDED_AVAILABILITY = YES_AGGRESSIVE;
				CLANG_WARN_UNREACHABLE_CODE = YES;
				CLANG_WARN__DUPLICATE_METHOD_MATCH = YES;
				CODE_SIGN_IDENTITY = "iPhone Developer";
				COPY_PHASE_STRIP = NO;
				DEBUG_INFORMATION_FORMAT = "dwarf-with-dsym";
				ENABLE_NS_ASSERTIONS = NO;
				ENABLE_STRICT_OBJC_MSGSEND = YES;
				GCC_C_LANGUAGE_STANDARD = gnu11;
				GCC_NO_COMMON_BLOCKS = YES;
				GCC_WARN_64_TO_32_BIT_CONVERSION = YES;
				GCC_WARN_ABOUT_RETURN_TYPE = YES_ERROR;
				GCC_WARN_UNDECLARED_SELECTOR = YES;
				GCC_WARN_UNINITIALIZED_AUTOS = YES_AGGRESSIVE;
				GCC_WARN_UNUSED_FUNCTION = YES;
				GCC_WARN_UNUSED_VARIABLE = YES;
				IPHONEOS_DEPLOYMENT_TARGET = 11.2;
				MTL_ENABLE_DEBUG_INFO = NO;
				SDKROOT = iphoneos;
				SWIFT_OPTIMIZATION_LEVEL = "-Owholemodule";
				VALIDATE_PRODUCT = YES;
			};
			name = Release;
		};
		7A354A12206C231F00F1E354 /* Debug */ = {
			isa = XCBuildConfiguration;
			baseConfigurationReference = 96F1B8009DB92922093E962F /* Pods-SecondApplication.debug.xcconfig */;
			buildSettings = {
				ASSETCATALOG_COMPILER_APPICON_NAME = AppIcon;
				CODE_SIGN_STYLE = Automatic;
				INFOPLIST_FILE = SecondApplication/Info.plist;
				LD_RUNPATH_SEARCH_PATHS = "$(inherited) @executable_path/Frameworks";
				PRODUCT_BUNDLE_IDENTIFIER = "com.acme-corp.SecondApplication";
				PRODUCT_NAME = "$(TARGET_NAME)";
				SWIFT_VERSION = 4.0;
				TARGETED_DEVICE_FAMILY = "1,2";
			};
			name = Debug;
		};
		7A354A13206C231F00F1E354 /* Release */ = {
			isa = XCBuildConfiguration;
			baseConfigurationReference = E39C1B84BE06D2D02925C3A8 /* Pods-SecondApplication.release.xcconfig */;
			buildSettings = {
				ASSETCATALOG_COMPILER_APPICON_NAME = AppIcon;
				CODE_SIGN_STYLE = Automatic;
				INFOPLIST_FILE = SecondApplication/Info.plist;
				LD_RUNPATH_SEARCH_PATHS = "$(inherited) @executable_path/Frameworks";
				PRODUCT_BUNDLE_IDENTIFIER = "com.acme-corp.SecondApplication";
				PRODUCT_NAME = "$(TARGET_NAME)";
				SWIFT_VERSION = 4.0;
				TARGETED_DEVICE_FAMILY = "1,2";
			};
			name = Release;
		};
/* End XCBuildConfiguration section */

/* Begin XCConfigurationList section */
		7A3549FA206C231F00F1E354 /* Build configuration list for PBXProject "SecondApplication" */ = {
			isa = XCConfigurationList;
			buildConfigurations = (
				7A354A0F206C231F00F1E354 /* Debug */,
				7A354A10206C231F00F1E354 /* Release */,
			);
			defaultConfigurationIsVisible = 0;
			defaultConfigurationName = Release;
		};
		7A354A11206C231F00F1E354 /* Build configuration list for PBXNativeTarget "SecondApplication" */ = {
			isa = XCConfigurationList;
			buildConfigurations = (
				7A354A12206C231F00F1E354 /* Debug */,
				7A354A13206C231F00F1E354 /* Release */,
			);
			defaultConfigurationIsVisible = 0;
			defaultConfigurationName = Release;
		};
/* End XCConfigurationList section */
	};
	rootObject = 7A3549F7206C231F00F1E354 /* Project object */;
}
